// !$*UTF8*$!
{
	archiveVersion = 1;
	classes = {
	};
	objectVersion = 45;
	objects = {

/* Begin PBXBuildFile section */
		156DD6A61583295200F5E857 /* config.xml in Resources */ = {isa = PBXBuildFile; fileRef = 156DD6A31583295200F5E857 /* config.xml */; };
		156DD6A71583295200F5E857 /* qcar-resources.dat in Resources */ = {isa = PBXBuildFile; fileRef = 156DD6A41583295200F5E857 /* qcar-resources.dat */; };
		156DD6A81583295200F5E857 /* TextureTeapotBrass.png in Resources */ = {isa = PBXBuildFile; fileRef = 156DD6A51583295200F5E857 /* TextureTeapotBrass.png */; };
		15EC4D661583280300A77FC0 /* SystemConfiguration.framework in Frameworks */ = {isa = PBXBuildFile; fileRef = 15EC4D64158327EE00A77FC0 /* SystemConfiguration.framework */; };
		15EC4D671583280300A77FC0 /* Security.framework in Frameworks */ = {isa = PBXBuildFile; fileRef = 15EC4D62158327E200A77FC0 /* Security.framework */; };
		15EC4D691583285E00A77FC0 /* README.md in Resources */ = {isa = PBXBuildFile; fileRef = 15EC4D681583285E00A77FC0 /* README.md */; };
		1B0421C015987E8C001678DB /* libQCAR.a in Frameworks */ = {isa = PBXBuildFile; fileRef = 1B0421B515987E8C001678DB /* libQCAR.a */; };
		1B0421C115987E8C001678DB /* ofxQCAR.mm in Sources */ = {isa = PBXBuildFile; fileRef = 1B0421B815987E8C001678DB /* ofxQCAR.mm */; };
		1B0421C215987E8C001678DB /* ofxQCAR_EAGLView.mm in Sources */ = {isa = PBXBuildFile; fileRef = 1B0421BA15987E8C001678DB /* ofxQCAR_EAGLView.mm */; };
		1B0421C315987E8C001678DB /* ofxQCAR_Utils.mm in Sources */ = {isa = PBXBuildFile; fileRef = 1B0421BD15987E8C001678DB /* ofxQCAR_Utils.mm */; };
		1B0421C415987E8C001678DB /* ofxQCAR_ViewController.mm in Sources */ = {isa = PBXBuildFile; fileRef = 1B0421BF15987E8C001678DB /* ofxQCAR_ViewController.mm */; };
		1B0421CA15987ECD001678DB /* MyAppDelegate.mm in Sources */ = {isa = PBXBuildFile; fileRef = 1B0421C715987ECD001678DB /* MyAppDelegate.mm */; };
		1B0421CB15987ECD001678DB /* MyAppViewController.mm in Sources */ = {isa = PBXBuildFile; fileRef = 1B0421C915987ECD001678DB /* MyAppViewController.mm */; };
		1B259E3B159861680051D60B /* aachan.bvh in Resources */ = {isa = PBXBuildFile; fileRef = 1B259E38159861680051D60B /* aachan.bvh */; };
		1B259E3C159861680051D60B /* kashiyuka.bvh in Resources */ = {isa = PBXBuildFile; fileRef = 1B259E39159861680051D60B /* kashiyuka.bvh */; };
		1B259E3D159861680051D60B /* nocchi.bvh in Resources */ = {isa = PBXBuildFile; fileRef = 1B259E3A159861680051D60B /* nocchi.bvh */; };
		1B259E7B159861ED0051D60B /* install.xml in Resources */ = {isa = PBXBuildFile; fileRef = 1B259E48159861ED0051D60B /* install.xml */; };
		1B259E7C159861ED0051D60B /* aiColor4D.inl in Resources */ = {isa = PBXBuildFile; fileRef = 1B259E50159861ED0051D60B /* aiColor4D.inl */; };
		1B259E7D159861ED0051D60B /* aiMaterial.inl in Resources */ = {isa = PBXBuildFile; fileRef = 1B259E56159861ED0051D60B /* aiMaterial.inl */; };
		1B259E7E159861ED0051D60B /* aiMatrix3x3.inl in Resources */ = {isa = PBXBuildFile; fileRef = 1B259E58159861ED0051D60B /* aiMatrix3x3.inl */; };
		1B259E7F159861ED0051D60B /* aiMatrix4x4.inl in Resources */ = {isa = PBXBuildFile; fileRef = 1B259E5A159861ED0051D60B /* aiMatrix4x4.inl */; };
		1B259E80159861ED0051D60B /* aiVector3D.inl in Resources */ = {isa = PBXBuildFile; fileRef = 1B259E63159861ED0051D60B /* aiVector3D.inl */; };
		1B259E81159861ED0051D60B /* assimp.a in Frameworks */ = {isa = PBXBuildFile; fileRef = 1B259E73159861ED0051D60B /* assimp.a */; };
		1B259E82159861ED0051D60B /* assimp.a in Frameworks */ = {isa = PBXBuildFile; fileRef = 1B259E75159861ED0051D60B /* assimp.a */; };
		1B259E83159861ED0051D60B /* ofxAssimpModelLoader.cpp in Sources */ = {isa = PBXBuildFile; fileRef = 1B259E79159861ED0051D60B /* ofxAssimpModelLoader.cpp */; };
		1B872BFA1598687900D28F11 /* Perfume_globalsite_sound.wav in Resources */ = {isa = PBXBuildFile; fileRef = 1B872BF91598687900D28F11 /* Perfume_globalsite_sound.wav */; };
		1D60589F0D05DD5A006BFB54 /* Foundation.framework in Frameworks */ = {isa = PBXBuildFile; fileRef = 1D30AB110D05D00D00671497 /* Foundation.framework */; };
		1DF5F4E00D08C38300B7A737 /* UIKit.framework in Frameworks */ = {isa = PBXBuildFile; fileRef = 1DF5F4DF0D08C38300B7A737 /* UIKit.framework */; };
		288765FD0DF74451002DB57D /* CoreGraphics.framework in Frameworks */ = {isa = PBXBuildFile; fileRef = 288765FC0DF74451002DB57D /* CoreGraphics.framework */; };
		51BED3B51598A12600B0862A /* ofxBvh.cpp in Sources */ = {isa = PBXBuildFile; fileRef = 51BED3951598A12600B0862A /* ofxBvh.cpp */; };
		5326AEA810A23A0500278DE6 /* CoreLocation.framework in Frameworks */ = {isa = PBXBuildFile; fileRef = 5326AEA710A23A0500278DE6 /* CoreLocation.framework */; };
		53F323EB10A20EDB00E0DAE4 /* OpenAL.framework in Frameworks */ = {isa = PBXBuildFile; fileRef = 53F323EA10A20EDB00E0DAE4 /* OpenAL.framework */; };
		BB16EBD20F2B2A9500518274 /* OpenGLES.framework in Frameworks */ = {isa = PBXBuildFile; fileRef = BB16EBD10F2B2A9500518274 /* OpenGLES.framework */; };
		BB16EBD90F2B2AB500518274 /* QuartzCore.framework in Frameworks */ = {isa = PBXBuildFile; fileRef = BB16EBD80F2B2AB500518274 /* QuartzCore.framework */; };
		BB24DD8F10DA77E000E9C588 /* Default.png in Resources */ = {isa = PBXBuildFile; fileRef = BB24DD8C10DA77E000E9C588 /* Default.png */; };
		BB24DD9010DA77E000E9C588 /* Icon.png in Resources */ = {isa = PBXBuildFile; fileRef = BB24DD8D10DA77E000E9C588 /* Icon.png */; };
		BB24DDCA10DA781C00E9C588 /* ofxiphone-Info.plist in Resources */ = {isa = PBXBuildFile; fileRef = BB24DDC910DA781C00E9C588 /* ofxiphone-Info.plist */; };
		BBE5EAB80F49AD8400F28951 /* AudioToolbox.framework in Frameworks */ = {isa = PBXBuildFile; fileRef = BBE5EAB70F49AD8400F28951 /* AudioToolbox.framework */; };
		E41D3ED713B38FB500A75A5D /* Project.xcconfig in Resources */ = {isa = PBXBuildFile; fileRef = E41D3ED613B38FB500A75A5D /* Project.xcconfig */; };
		E41D3EE613B3906D00A75A5D /* CoreOF.xcconfig in Resources */ = {isa = PBXBuildFile; fileRef = E41D3EE513B3906D00A75A5D /* CoreOF.xcconfig */; };
		E41D400B13B39D2100A75A5D /* AVFoundation.framework in Frameworks */ = {isa = PBXBuildFile; fileRef = E41D400613B39D2100A75A5D /* AVFoundation.framework */; };
		E41D400C13B39D2100A75A5D /* CoreMedia.framework in Frameworks */ = {isa = PBXBuildFile; fileRef = E41D400713B39D2100A75A5D /* CoreMedia.framework */; };
		E41D400D13B39D2100A75A5D /* CoreVideo.framework in Frameworks */ = {isa = PBXBuildFile; fileRef = E41D400813B39D2100A75A5D /* CoreVideo.framework */; };
		E41D400E13B39D2100A75A5D /* MapKit.framework in Frameworks */ = {isa = PBXBuildFile; fileRef = E41D400913B39D2100A75A5D /* MapKit.framework */; };
		E41D421413B3A95300A75A5D /* libofxiPhone_iphoneos_Debug.a in Frameworks */ = {isa = PBXBuildFile; fileRef = E41D410213B3A0D800A75A5D /* libofxiPhone_iphoneos_Debug.a */; };
		E4A823A412561BE3002F86A2 /* CoreGraphics.framework in Frameworks */ = {isa = PBXBuildFile; fileRef = E4A823A312561BE3002F86A2 /* CoreGraphics.framework */; };
		E4D8936E11527B74007E1F53 /* main.mm in Sources */ = {isa = PBXBuildFile; fileRef = E4D8936B11527B74007E1F53 /* main.mm */; };
		E4D8936F11527B74007E1F53 /* testApp.mm in Sources */ = {isa = PBXBuildFile; fileRef = E4D8936D11527B74007E1F53 /* testApp.mm */; };
/* End PBXBuildFile section */

/* Begin PBXContainerItemProxy section */
		E41D410113B3A0D800A75A5D /* PBXContainerItemProxy */ = {
			isa = PBXContainerItemProxy;
			containerPortal = E41D40FD13B3A0D800A75A5D /* iOS+OFLib.xcodeproj */;
			proxyType = 2;
			remoteGlobalIDString = BB24DED610DA7A3F00E9C588;
			remoteInfo = "iPhone+OF Static Library";
		};
		E41D410313B3A11300A75A5D /* PBXContainerItemProxy */ = {
			isa = PBXContainerItemProxy;
			containerPortal = E41D40FD13B3A0D800A75A5D /* iOS+OFLib.xcodeproj */;
			proxyType = 1;
			remoteGlobalIDString = BB24DE5C10DA7A3F00E9C588;
			remoteInfo = "iPhone+OF Static Library";
		};
/* End PBXContainerItemProxy section */

/* Begin PBXFileReference section */
		156DD6A31583295200F5E857 /* config.xml */ = {isa = PBXFileReference; fileEncoding = 4; lastKnownFileType = text.xml; path = config.xml; sourceTree = "<group>"; };
		156DD6A41583295200F5E857 /* qcar-resources.dat */ = {isa = PBXFileReference; lastKnownFileType = file; path = "qcar-resources.dat"; sourceTree = "<group>"; };
		156DD6A51583295200F5E857 /* TextureTeapotBrass.png */ = {isa = PBXFileReference; lastKnownFileType = image.png; path = TextureTeapotBrass.png; sourceTree = "<group>"; };
		15EC4D62158327E200A77FC0 /* Security.framework */ = {isa = PBXFileReference; lastKnownFileType = wrapper.framework; name = Security.framework; path = System/Library/Frameworks/Security.framework; sourceTree = SDKROOT; };
		15EC4D64158327EE00A77FC0 /* SystemConfiguration.framework */ = {isa = PBXFileReference; lastKnownFileType = wrapper.framework; name = SystemConfiguration.framework; path = System/Library/Frameworks/SystemConfiguration.framework; sourceTree = SDKROOT; };
		15EC4D681583285E00A77FC0 /* README.md */ = {isa = PBXFileReference; fileEncoding = 4; lastKnownFileType = text; name = README.md; path = ../../../addons/ofxQCAR/README.md; sourceTree = "<group>"; };
		1B04219A15987E8C001678DB /* Area.h */ = {isa = PBXFileReference; fileEncoding = 4; lastKnownFileType = sourcecode.c.h; path = Area.h; sourceTree = "<group>"; };
		1B04219B15987E8C001678DB /* CameraCalibration.h */ = {isa = PBXFileReference; fileEncoding = 4; lastKnownFileType = sourcecode.c.h; path = CameraCalibration.h; sourceTree = "<group>"; };
		1B04219C15987E8C001678DB /* CameraDevice.h */ = {isa = PBXFileReference; fileEncoding = 4; lastKnownFileType = sourcecode.c.h; path = CameraDevice.h; sourceTree = "<group>"; };
		1B04219D15987E8C001678DB /* Frame.h */ = {isa = PBXFileReference; fileEncoding = 4; lastKnownFileType = sourcecode.c.h; path = Frame.h; sourceTree = "<group>"; };
		1B04219E15987E8C001678DB /* Image.h */ = {isa = PBXFileReference; fileEncoding = 4; lastKnownFileType = sourcecode.c.h; path = Image.h; sourceTree = "<group>"; };
		1B04219F15987E8C001678DB /* ImageTarget.h */ = {isa = PBXFileReference; fileEncoding = 4; lastKnownFileType = sourcecode.c.h; path = ImageTarget.h; sourceTree = "<group>"; };
		1B0421A015987E8C001678DB /* Marker.h */ = {isa = PBXFileReference; fileEncoding = 4; lastKnownFileType = sourcecode.c.h; path = Marker.h; sourceTree = "<group>"; };
		1B0421A115987E8C001678DB /* Matrices.h */ = {isa = PBXFileReference; fileEncoding = 4; lastKnownFileType = sourcecode.c.h; path = Matrices.h; sourceTree = "<group>"; };
		1B0421A215987E8C001678DB /* MultiTarget.h */ = {isa = PBXFileReference; fileEncoding = 4; lastKnownFileType = sourcecode.c.h; path = MultiTarget.h; sourceTree = "<group>"; };
		1B0421A315987E8C001678DB /* NonCopyable.h */ = {isa = PBXFileReference; fileEncoding = 4; lastKnownFileType = sourcecode.c.h; path = NonCopyable.h; sourceTree = "<group>"; };
		1B0421A415987E8C001678DB /* QCAR.h */ = {isa = PBXFileReference; fileEncoding = 4; lastKnownFileType = sourcecode.c.h; path = QCAR.h; sourceTree = "<group>"; };
		1B0421A515987E8C001678DB /* Rectangle.h */ = {isa = PBXFileReference; fileEncoding = 4; lastKnownFileType = sourcecode.c.h; path = Rectangle.h; sourceTree = "<group>"; };
		1B0421A615987E8C001678DB /* Renderer.h */ = {isa = PBXFileReference; fileEncoding = 4; lastKnownFileType = sourcecode.c.h; path = Renderer.h; sourceTree = "<group>"; };
		1B0421A715987E8C001678DB /* State.h */ = {isa = PBXFileReference; fileEncoding = 4; lastKnownFileType = sourcecode.c.h; path = State.h; sourceTree = "<group>"; };
		1B0421A815987E8C001678DB /* System.h */ = {isa = PBXFileReference; fileEncoding = 4; lastKnownFileType = sourcecode.c.h; path = System.h; sourceTree = "<group>"; };
		1B0421A915987E8C001678DB /* Tool.h */ = {isa = PBXFileReference; fileEncoding = 4; lastKnownFileType = sourcecode.c.h; path = Tool.h; sourceTree = "<group>"; };
		1B0421AA15987E8C001678DB /* Trackable.h */ = {isa = PBXFileReference; fileEncoding = 4; lastKnownFileType = sourcecode.c.h; path = Trackable.h; sourceTree = "<group>"; };
		1B0421AB15987E8C001678DB /* Tracker.h */ = {isa = PBXFileReference; fileEncoding = 4; lastKnownFileType = sourcecode.c.h; path = Tracker.h; sourceTree = "<group>"; };
		1B0421AC15987E8C001678DB /* TubeTarget.h */ = {isa = PBXFileReference; fileEncoding = 4; lastKnownFileType = sourcecode.c.h; path = TubeTarget.h; sourceTree = "<group>"; };
		1B0421AD15987E8C001678DB /* UIGLViewProtocol.h */ = {isa = PBXFileReference; fileEncoding = 4; lastKnownFileType = sourcecode.c.h; path = UIGLViewProtocol.h; sourceTree = "<group>"; };
		1B0421AE15987E8C001678DB /* UpdateCallback.h */ = {isa = PBXFileReference; fileEncoding = 4; lastKnownFileType = sourcecode.c.h; path = UpdateCallback.h; sourceTree = "<group>"; };
		1B0421AF15987E8C001678DB /* Vectors.h */ = {isa = PBXFileReference; fileEncoding = 4; lastKnownFileType = sourcecode.c.h; path = Vectors.h; sourceTree = "<group>"; };
		1B0421B015987E8C001678DB /* VideoBackgroundConfig.h */ = {isa = PBXFileReference; fileEncoding = 4; lastKnownFileType = sourcecode.c.h; path = VideoBackgroundConfig.h; sourceTree = "<group>"; };
		1B0421B115987E8C001678DB /* VideoMode.h */ = {isa = PBXFileReference; fileEncoding = 4; lastKnownFileType = sourcecode.c.h; path = VideoMode.h; sourceTree = "<group>"; };
		1B0421B215987E8C001678DB /* VirtualButton.h */ = {isa = PBXFileReference; fileEncoding = 4; lastKnownFileType = sourcecode.c.h; path = VirtualButton.h; sourceTree = "<group>"; };
		1B0421B515987E8C001678DB /* libQCAR.a */ = {isa = PBXFileReference; lastKnownFileType = archive.ar; path = libQCAR.a; sourceTree = "<group>"; };
		1B0421B715987E8C001678DB /* ofxQCAR.h */ = {isa = PBXFileReference; fileEncoding = 4; lastKnownFileType = sourcecode.c.h; path = ofxQCAR.h; sourceTree = "<group>"; };
		1B0421B815987E8C001678DB /* ofxQCAR.mm */ = {isa = PBXFileReference; fileEncoding = 4; lastKnownFileType = sourcecode.cpp.objcpp; path = ofxQCAR.mm; sourceTree = "<group>"; };
		1B0421B915987E8C001678DB /* ofxQCAR_EAGLView.h */ = {isa = PBXFileReference; fileEncoding = 4; lastKnownFileType = sourcecode.c.h; path = ofxQCAR_EAGLView.h; sourceTree = "<group>"; };
		1B0421BA15987E8C001678DB /* ofxQCAR_EAGLView.mm */ = {isa = PBXFileReference; fileEncoding = 4; lastKnownFileType = sourcecode.cpp.objcpp; path = ofxQCAR_EAGLView.mm; sourceTree = "<group>"; };
		1B0421BB15987E8C001678DB /* ofxQCAR_Settings.h */ = {isa = PBXFileReference; fileEncoding = 4; lastKnownFileType = sourcecode.c.h; path = ofxQCAR_Settings.h; sourceTree = "<group>"; };
		1B0421BC15987E8C001678DB /* ofxQCAR_Utils.h */ = {isa = PBXFileReference; fileEncoding = 4; lastKnownFileType = sourcecode.c.h; path = ofxQCAR_Utils.h; sourceTree = "<group>"; };
		1B0421BD15987E8C001678DB /* ofxQCAR_Utils.mm */ = {isa = PBXFileReference; fileEncoding = 4; lastKnownFileType = sourcecode.cpp.objcpp; path = ofxQCAR_Utils.mm; sourceTree = "<group>"; };
		1B0421BE15987E8C001678DB /* ofxQCAR_ViewController.h */ = {isa = PBXFileReference; fileEncoding = 4; lastKnownFileType = sourcecode.c.h; path = ofxQCAR_ViewController.h; sourceTree = "<group>"; };
		1B0421BF15987E8C001678DB /* ofxQCAR_ViewController.mm */ = {isa = PBXFileReference; fileEncoding = 4; lastKnownFileType = sourcecode.cpp.objcpp; path = ofxQCAR_ViewController.mm; sourceTree = "<group>"; };
		1B0421C615987ECD001678DB /* MyAppDelegate.h */ = {isa = PBXFileReference; fileEncoding = 4; lastKnownFileType = sourcecode.c.h; path = MyAppDelegate.h; sourceTree = "<group>"; };
		1B0421C715987ECD001678DB /* MyAppDelegate.mm */ = {isa = PBXFileReference; fileEncoding = 4; lastKnownFileType = sourcecode.cpp.objcpp; path = MyAppDelegate.mm; sourceTree = "<group>"; };
		1B0421C815987ECD001678DB /* MyAppViewController.h */ = {isa = PBXFileReference; fileEncoding = 4; lastKnownFileType = sourcecode.c.h; path = MyAppViewController.h; sourceTree = "<group>"; };
		1B0421C915987ECD001678DB /* MyAppViewController.mm */ = {isa = PBXFileReference; fileEncoding = 4; lastKnownFileType = sourcecode.cpp.objcpp; path = MyAppViewController.mm; sourceTree = "<group>"; };
		1B259E38159861680051D60B /* aachan.bvh */ = {isa = PBXFileReference; fileEncoding = 4; lastKnownFileType = text; path = aachan.bvh; sourceTree = "<group>"; };
		1B259E39159861680051D60B /* kashiyuka.bvh */ = {isa = PBXFileReference; fileEncoding = 4; lastKnownFileType = text; path = kashiyuka.bvh; sourceTree = "<group>"; };
		1B259E3A159861680051D60B /* nocchi.bvh */ = {isa = PBXFileReference; fileEncoding = 4; lastKnownFileType = text; path = nocchi.bvh; sourceTree = "<group>"; };
		1B259E48159861ED0051D60B /* install.xml */ = {isa = PBXFileReference; fileEncoding = 4; lastKnownFileType = text.xml; path = install.xml; sourceTree = "<group>"; };
		1B259E4C159861ED0051D60B /* aiAnim.h */ = {isa = PBXFileReference; fileEncoding = 4; lastKnownFileType = sourcecode.c.h; path = aiAnim.h; sourceTree = "<group>"; };
		1B259E4D159861ED0051D60B /* aiAssert.h */ = {isa = PBXFileReference; fileEncoding = 4; lastKnownFileType = sourcecode.c.h; path = aiAssert.h; sourceTree = "<group>"; };
		1B259E4E159861ED0051D60B /* aiCamera.h */ = {isa = PBXFileReference; fileEncoding = 4; lastKnownFileType = sourcecode.c.h; path = aiCamera.h; sourceTree = "<group>"; };
		1B259E4F159861ED0051D60B /* aiColor4D.h */ = {isa = PBXFileReference; fileEncoding = 4; lastKnownFileType = sourcecode.c.h; path = aiColor4D.h; sourceTree = "<group>"; };
		1B259E50159861ED0051D60B /* aiColor4D.inl */ = {isa = PBXFileReference; fileEncoding = 4; lastKnownFileType = text; path = aiColor4D.inl; sourceTree = "<group>"; };
		1B259E51159861ED0051D60B /* aiConfig.h */ = {isa = PBXFileReference; fileEncoding = 4; lastKnownFileType = sourcecode.c.h; path = aiConfig.h; sourceTree = "<group>"; };
		1B259E52159861ED0051D60B /* aiDefines.h */ = {isa = PBXFileReference; fileEncoding = 4; lastKnownFileType = sourcecode.c.h; path = aiDefines.h; sourceTree = "<group>"; };
		1B259E53159861ED0051D60B /* aiFileIO.h */ = {isa = PBXFileReference; fileEncoding = 4; lastKnownFileType = sourcecode.c.h; path = aiFileIO.h; sourceTree = "<group>"; };
		1B259E54159861ED0051D60B /* aiLight.h */ = {isa = PBXFileReference; fileEncoding = 4; lastKnownFileType = sourcecode.c.h; path = aiLight.h; sourceTree = "<group>"; };
		1B259E55159861ED0051D60B /* aiMaterial.h */ = {isa = PBXFileReference; fileEncoding = 4; lastKnownFileType = sourcecode.c.h; path = aiMaterial.h; sourceTree = "<group>"; };
		1B259E56159861ED0051D60B /* aiMaterial.inl */ = {isa = PBXFileReference; fileEncoding = 4; lastKnownFileType = text; path = aiMaterial.inl; sourceTree = "<group>"; };
		1B259E57159861ED0051D60B /* aiMatrix3x3.h */ = {isa = PBXFileReference; fileEncoding = 4; lastKnownFileType = sourcecode.c.h; path = aiMatrix3x3.h; sourceTree = "<group>"; };
		1B259E58159861ED0051D60B /* aiMatrix3x3.inl */ = {isa = PBXFileReference; fileEncoding = 4; lastKnownFileType = text; path = aiMatrix3x3.inl; sourceTree = "<group>"; };
		1B259E59159861ED0051D60B /* aiMatrix4x4.h */ = {isa = PBXFileReference; fileEncoding = 4; lastKnownFileType = sourcecode.c.h; path = aiMatrix4x4.h; sourceTree = "<group>"; };
		1B259E5A159861ED0051D60B /* aiMatrix4x4.inl */ = {isa = PBXFileReference; fileEncoding = 4; lastKnownFileType = text; path = aiMatrix4x4.inl; sourceTree = "<group>"; };
		1B259E5B159861ED0051D60B /* aiMesh.h */ = {isa = PBXFileReference; fileEncoding = 4; lastKnownFileType = sourcecode.c.h; path = aiMesh.h; sourceTree = "<group>"; };
		1B259E5C159861ED0051D60B /* aiPostProcess.h */ = {isa = PBXFileReference; fileEncoding = 4; lastKnownFileType = sourcecode.c.h; path = aiPostProcess.h; sourceTree = "<group>"; };
		1B259E5D159861ED0051D60B /* aiQuaternion.h */ = {isa = PBXFileReference; fileEncoding = 4; lastKnownFileType = sourcecode.c.h; path = aiQuaternion.h; sourceTree = "<group>"; };
		1B259E5E159861ED0051D60B /* aiScene.h */ = {isa = PBXFileReference; fileEncoding = 4; lastKnownFileType = sourcecode.c.h; path = aiScene.h; sourceTree = "<group>"; };
		1B259E5F159861ED0051D60B /* aiTexture.h */ = {isa = PBXFileReference; fileEncoding = 4; lastKnownFileType = sourcecode.c.h; path = aiTexture.h; sourceTree = "<group>"; };
		1B259E60159861ED0051D60B /* aiTypes.h */ = {isa = PBXFileReference; fileEncoding = 4; lastKnownFileType = sourcecode.c.h; path = aiTypes.h; sourceTree = "<group>"; };
		1B259E61159861ED0051D60B /* aiVector2D.h */ = {isa = PBXFileReference; fileEncoding = 4; lastKnownFileType = sourcecode.c.h; path = aiVector2D.h; sourceTree = "<group>"; };
		1B259E62159861ED0051D60B /* aiVector3D.h */ = {isa = PBXFileReference; fileEncoding = 4; lastKnownFileType = sourcecode.c.h; path = aiVector3D.h; sourceTree = "<group>"; };
		1B259E63159861ED0051D60B /* aiVector3D.inl */ = {isa = PBXFileReference; fileEncoding = 4; lastKnownFileType = text; path = aiVector3D.inl; sourceTree = "<group>"; };
		1B259E64159861ED0051D60B /* aiVersion.h */ = {isa = PBXFileReference; fileEncoding = 4; lastKnownFileType = sourcecode.c.h; path = aiVersion.h; sourceTree = "<group>"; };
		1B259E65159861ED0051D60B /* assimp.h */ = {isa = PBXFileReference; fileEncoding = 4; lastKnownFileType = sourcecode.c.h; path = assimp.h; sourceTree = "<group>"; };
		1B259E66159861ED0051D60B /* assimp.hpp */ = {isa = PBXFileReference; fileEncoding = 4; lastKnownFileType = sourcecode.cpp.h; path = assimp.hpp; sourceTree = "<group>"; };
		1B259E68159861ED0051D60B /* poppack1.h */ = {isa = PBXFileReference; fileEncoding = 4; lastKnownFileType = sourcecode.c.h; path = poppack1.h; sourceTree = "<group>"; };
		1B259E69159861ED0051D60B /* pushpack1.h */ = {isa = PBXFileReference; fileEncoding = 4; lastKnownFileType = sourcecode.c.h; path = pushpack1.h; sourceTree = "<group>"; };
		1B259E6A159861ED0051D60B /* DefaultLogger.h */ = {isa = PBXFileReference; fileEncoding = 4; lastKnownFileType = sourcecode.c.h; path = DefaultLogger.h; sourceTree = "<group>"; };
		1B259E6B159861ED0051D60B /* IOStream.h */ = {isa = PBXFileReference; fileEncoding = 4; lastKnownFileType = sourcecode.c.h; path = IOStream.h; sourceTree = "<group>"; };
		1B259E6C159861ED0051D60B /* IOSystem.h */ = {isa = PBXFileReference; fileEncoding = 4; lastKnownFileType = sourcecode.c.h; path = IOSystem.h; sourceTree = "<group>"; };
		1B259E6D159861ED0051D60B /* Logger.h */ = {isa = PBXFileReference; fileEncoding = 4; lastKnownFileType = sourcecode.c.h; path = Logger.h; sourceTree = "<group>"; };
		1B259E6E159861ED0051D60B /* LogStream.h */ = {isa = PBXFileReference; fileEncoding = 4; lastKnownFileType = sourcecode.c.h; path = LogStream.h; sourceTree = "<group>"; };
		1B259E6F159861ED0051D60B /* NullLogger.h */ = {isa = PBXFileReference; fileEncoding = 4; lastKnownFileType = sourcecode.c.h; path = NullLogger.h; sourceTree = "<group>"; };
		1B259E70159861ED0051D60B /* ProgressHandler.h */ = {isa = PBXFileReference; fileEncoding = 4; lastKnownFileType = sourcecode.c.h; path = ProgressHandler.h; sourceTree = "<group>"; };
		1B259E73159861ED0051D60B /* assimp.a */ = {isa = PBXFileReference; lastKnownFileType = archive.ar; path = assimp.a; sourceTree = "<group>"; };
		1B259E75159861ED0051D60B /* assimp.a */ = {isa = PBXFileReference; lastKnownFileType = archive.ar; path = assimp.a; sourceTree = "<group>"; };
		1B259E77159861ED0051D60B /* ofx3DBaseLoader.h */ = {isa = PBXFileReference; fileEncoding = 4; lastKnownFileType = sourcecode.c.h; path = ofx3DBaseLoader.h; sourceTree = "<group>"; };
		1B259E78159861ED0051D60B /* ofxAssimpMeshHelper.h */ = {isa = PBXFileReference; fileEncoding = 4; lastKnownFileType = sourcecode.c.h; path = ofxAssimpMeshHelper.h; sourceTree = "<group>"; };
		1B259E79159861ED0051D60B /* ofxAssimpModelLoader.cpp */ = {isa = PBXFileReference; fileEncoding = 4; lastKnownFileType = sourcecode.cpp.cpp; path = ofxAssimpModelLoader.cpp; sourceTree = "<group>"; };
		1B259E7A159861ED0051D60B /* ofxAssimpModelLoader.h */ = {isa = PBXFileReference; fileEncoding = 4; lastKnownFileType = sourcecode.c.h; path = ofxAssimpModelLoader.h; sourceTree = "<group>"; };
		1B872BF91598687900D28F11 /* Perfume_globalsite_sound.wav */ = {isa = PBXFileReference; lastKnownFileType = audio.wav; path = Perfume_globalsite_sound.wav; sourceTree = "<group>"; };
		1D30AB110D05D00D00671497 /* Foundation.framework */ = {isa = PBXFileReference; lastKnownFileType = wrapper.framework; name = Foundation.framework; path = System/Library/Frameworks/Foundation.framework; sourceTree = SDKROOT; };
		1D6058910D05DD3D006BFB54 /* ofxQCARBvhExample.app */ = {isa = PBXFileReference; explicitFileType = wrapper.application; includeInIndex = 0; path = ofxQCARBvhExample.app; sourceTree = BUILT_PRODUCTS_DIR; };
		1DF5F4DF0D08C38300B7A737 /* UIKit.framework */ = {isa = PBXFileReference; lastKnownFileType = wrapper.framework; name = UIKit.framework; path = System/Library/Frameworks/UIKit.framework; sourceTree = SDKROOT; };
		288765FC0DF74451002DB57D /* CoreGraphics.framework */ = {isa = PBXFileReference; lastKnownFileType = wrapper.framework; name = CoreGraphics.framework; path = System/Library/Frameworks/CoreGraphics.framework; sourceTree = SDKROOT; };
		32CA4F630368D1EE00C91783 /* iPhone_Prefix.pch */ = {isa = PBXFileReference; fileEncoding = 4; lastKnownFileType = sourcecode.c.h; path = iPhone_Prefix.pch; sourceTree = "<group>"; };
		51BED3951598A12600B0862A /* ofxBvh.cpp */ = {isa = PBXFileReference; fileEncoding = 4; lastKnownFileType = sourcecode.cpp.cpp; path = ofxBvh.cpp; sourceTree = "<group>"; };
		51BED3961598A12600B0862A /* ofxBvh.h */ = {isa = PBXFileReference; fileEncoding = 4; lastKnownFileType = sourcecode.c.h; path = ofxBvh.h; sourceTree = "<group>"; };
		5326AEA710A23A0500278DE6 /* CoreLocation.framework */ = {isa = PBXFileReference; lastKnownFileType = wrapper.framework; name = CoreLocation.framework; path = System/Library/Frameworks/CoreLocation.framework; sourceTree = SDKROOT; };
		53F323EA10A20EDB00E0DAE4 /* OpenAL.framework */ = {isa = PBXFileReference; lastKnownFileType = wrapper.framework; name = OpenAL.framework; path = System/Library/Frameworks/OpenAL.framework; sourceTree = SDKROOT; };
		BB16EBD10F2B2A9500518274 /* OpenGLES.framework */ = {isa = PBXFileReference; lastKnownFileType = wrapper.framework; name = OpenGLES.framework; path = System/Library/Frameworks/OpenGLES.framework; sourceTree = SDKROOT; };
		BB16EBD80F2B2AB500518274 /* QuartzCore.framework */ = {isa = PBXFileReference; lastKnownFileType = wrapper.framework; name = QuartzCore.framework; path = System/Library/Frameworks/QuartzCore.framework; sourceTree = SDKROOT; };
		BB24DD8C10DA77E000E9C588 /* Default.png */ = {isa = PBXFileReference; lastKnownFileType = image.png; path = Default.png; sourceTree = "<group>"; };
		BB24DD8D10DA77E000E9C588 /* Icon.png */ = {isa = PBXFileReference; lastKnownFileType = image.png; path = Icon.png; sourceTree = "<group>"; };
		BB24DDC910DA781C00E9C588 /* ofxiphone-Info.plist */ = {isa = PBXFileReference; fileEncoding = 4; lastKnownFileType = text.plist.xml; path = "ofxiphone-Info.plist"; sourceTree = "<group>"; };
		BBE5EAB70F49AD8400F28951 /* AudioToolbox.framework */ = {isa = PBXFileReference; lastKnownFileType = wrapper.framework; name = AudioToolbox.framework; path = System/Library/Frameworks/AudioToolbox.framework; sourceTree = SDKROOT; };
		E41D3ED613B38FB500A75A5D /* Project.xcconfig */ = {isa = PBXFileReference; fileEncoding = 4; lastKnownFileType = text.xcconfig; path = Project.xcconfig; sourceTree = "<group>"; };
		E41D3EE513B3906D00A75A5D /* CoreOF.xcconfig */ = {isa = PBXFileReference; fileEncoding = 4; lastKnownFileType = text.xcconfig; name = CoreOF.xcconfig; path = ../../../libs/openFrameworksCompiled/project/ios/CoreOF.xcconfig; sourceTree = SOURCE_ROOT; };
		E41D400613B39D2100A75A5D /* AVFoundation.framework */ = {isa = PBXFileReference; lastKnownFileType = wrapper.framework; name = AVFoundation.framework; path = System/Library/Frameworks/AVFoundation.framework; sourceTree = SDKROOT; };
		E41D400713B39D2100A75A5D /* CoreMedia.framework */ = {isa = PBXFileReference; lastKnownFileType = wrapper.framework; name = CoreMedia.framework; path = System/Library/Frameworks/CoreMedia.framework; sourceTree = SDKROOT; };
		E41D400813B39D2100A75A5D /* CoreVideo.framework */ = {isa = PBXFileReference; lastKnownFileType = wrapper.framework; name = CoreVideo.framework; path = System/Library/Frameworks/CoreVideo.framework; sourceTree = SDKROOT; };
		E41D400913B39D2100A75A5D /* MapKit.framework */ = {isa = PBXFileReference; lastKnownFileType = wrapper.framework; name = MapKit.framework; path = System/Library/Frameworks/MapKit.framework; sourceTree = SDKROOT; };
		E41D40FD13B3A0D800A75A5D /* iOS+OFLib.xcodeproj */ = {isa = PBXFileReference; lastKnownFileType = "wrapper.pb-project"; name = "iOS+OFLib.xcodeproj"; path = "../../../libs/openFrameworksCompiled/project/ios/iOS+OFLib.xcodeproj"; sourceTree = SOURCE_ROOT; };
		E4A823A312561BE3002F86A2 /* CoreGraphics.framework */ = {isa = PBXFileReference; lastKnownFileType = wrapper.framework; name = CoreGraphics.framework; path = System/Library/Frameworks/CoreGraphics.framework; sourceTree = SDKROOT; };
		E4D8936B11527B74007E1F53 /* main.mm */ = {isa = PBXFileReference; fileEncoding = 4; lastKnownFileType = sourcecode.cpp.objcpp; name = main.mm; path = src/main.mm; sourceTree = SOURCE_ROOT; };
		E4D8936C11527B74007E1F53 /* testApp.h */ = {isa = PBXFileReference; fileEncoding = 4; lastKnownFileType = sourcecode.c.h; name = testApp.h; path = src/testApp.h; sourceTree = SOURCE_ROOT; };
		E4D8936D11527B74007E1F53 /* testApp.mm */ = {isa = PBXFileReference; fileEncoding = 4; lastKnownFileType = sourcecode.cpp.objcpp; name = testApp.mm; path = src/testApp.mm; sourceTree = SOURCE_ROOT; };
/* End PBXFileReference section */

/* Begin PBXFrameworksBuildPhase section */
		1D60588F0D05DD3D006BFB54 /* Frameworks */ = {
			isa = PBXFrameworksBuildPhase;
			buildActionMask = 2147483647;
			files = (
				E41D421413B3A95300A75A5D /* libofxiPhone_iphoneos_Debug.a in Frameworks */,
				1D60589F0D05DD5A006BFB54 /* Foundation.framework in Frameworks */,
				1DF5F4E00D08C38300B7A737 /* UIKit.framework in Frameworks */,
				288765FD0DF74451002DB57D /* CoreGraphics.framework in Frameworks */,
				BB16EBD20F2B2A9500518274 /* OpenGLES.framework in Frameworks */,
				BB16EBD90F2B2AB500518274 /* QuartzCore.framework in Frameworks */,
				BBE5EAB80F49AD8400F28951 /* AudioToolbox.framework in Frameworks */,
				53F323EB10A20EDB00E0DAE4 /* OpenAL.framework in Frameworks */,
				5326AEA810A23A0500278DE6 /* CoreLocation.framework in Frameworks */,
				E4A823A412561BE3002F86A2 /* CoreGraphics.framework in Frameworks */,
				E41D400B13B39D2100A75A5D /* AVFoundation.framework in Frameworks */,
				E41D400C13B39D2100A75A5D /* CoreMedia.framework in Frameworks */,
				E41D400D13B39D2100A75A5D /* CoreVideo.framework in Frameworks */,
				E41D400E13B39D2100A75A5D /* MapKit.framework in Frameworks */,
				15EC4D661583280300A77FC0 /* SystemConfiguration.framework in Frameworks */,
				15EC4D671583280300A77FC0 /* Security.framework in Frameworks */,
				1B259E81159861ED0051D60B /* assimp.a in Frameworks */,
				1B259E82159861ED0051D60B /* assimp.a in Frameworks */,
				1B0421C015987E8C001678DB /* libQCAR.a in Frameworks */,
			);
			runOnlyForDeploymentPostprocessing = 0;
		};
/* End PBXFrameworksBuildPhase section */

/* Begin PBXGroup section */
		156DD6A21583295200F5E857 /* qcar_assets */ = {
			isa = PBXGroup;
			children = (
				156DD6A31583295200F5E857 /* config.xml */,
				156DD6A41583295200F5E857 /* qcar-resources.dat */,
				156DD6A51583295200F5E857 /* TextureTeapotBrass.png */,
			);
			path = qcar_assets;
			sourceTree = "<group>";
		};
		19C28FACFE9D520D11CA2CBB /* Products */ = {
			isa = PBXGroup;
			children = (
				1D6058910D05DD3D006BFB54 /* ofxQCARBvhExample.app */,
			);
			name = Products;
			sourceTree = "<group>";
		};
		1B04212715987582001678DB /* ofxQCAR */ = {
			isa = PBXGroup;
			children = (
				1B04219615987E8C001678DB /* libs */,
				1B0421B615987E8C001678DB /* src */,
			);
			name = ofxQCAR;
			path = ../../../addons/ofxQCAR;
			sourceTree = "<group>";
		};
		1B04219615987E8C001678DB /* libs */ = {
			isa = PBXGroup;
			children = (
				1B04219715987E8C001678DB /* qcar */,
			);
			path = libs;
			sourceTree = "<group>";
		};
		1B04219715987E8C001678DB /* qcar */ = {
			isa = PBXGroup;
			children = (
				1B04219815987E8C001678DB /* include */,
				1B0421B315987E8C001678DB /* lib */,
			);
			path = qcar;
			sourceTree = "<group>";
		};
		1B04219815987E8C001678DB /* include */ = {
			isa = PBXGroup;
			children = (
				1B04219915987E8C001678DB /* QCAR */,
			);
			path = include;
			sourceTree = "<group>";
		};
		1B04219915987E8C001678DB /* QCAR */ = {
			isa = PBXGroup;
			children = (
				1B04219A15987E8C001678DB /* Area.h */,
				1B04219B15987E8C001678DB /* CameraCalibration.h */,
				1B04219C15987E8C001678DB /* CameraDevice.h */,
				1B04219D15987E8C001678DB /* Frame.h */,
				1B04219E15987E8C001678DB /* Image.h */,
				1B04219F15987E8C001678DB /* ImageTarget.h */,
				1B0421A015987E8C001678DB /* Marker.h */,
				1B0421A115987E8C001678DB /* Matrices.h */,
				1B0421A215987E8C001678DB /* MultiTarget.h */,
				1B0421A315987E8C001678DB /* NonCopyable.h */,
				1B0421A415987E8C001678DB /* QCAR.h */,
				1B0421A515987E8C001678DB /* Rectangle.h */,
				1B0421A615987E8C001678DB /* Renderer.h */,
				1B0421A715987E8C001678DB /* State.h */,
				1B0421A815987E8C001678DB /* System.h */,
				1B0421A915987E8C001678DB /* Tool.h */,
				1B0421AA15987E8C001678DB /* Trackable.h */,
				1B0421AB15987E8C001678DB /* Tracker.h */,
				1B0421AC15987E8C001678DB /* TubeTarget.h */,
				1B0421AD15987E8C001678DB /* UIGLViewProtocol.h */,
				1B0421AE15987E8C001678DB /* UpdateCallback.h */,
				1B0421AF15987E8C001678DB /* Vectors.h */,
				1B0421B015987E8C001678DB /* VideoBackgroundConfig.h */,
				1B0421B115987E8C001678DB /* VideoMode.h */,
				1B0421B215987E8C001678DB /* VirtualButton.h */,
			);
			path = QCAR;
			sourceTree = "<group>";
		};
		1B0421B315987E8C001678DB /* lib */ = {
			isa = PBXGroup;
			children = (
				1B0421B415987E8C001678DB /* arm */,
			);
			path = lib;
			sourceTree = "<group>";
		};
		1B0421B415987E8C001678DB /* arm */ = {
			isa = PBXGroup;
			children = (
				1B0421B515987E8C001678DB /* libQCAR.a */,
			);
			path = arm;
			sourceTree = "<group>";
		};
		1B0421B615987E8C001678DB /* src */ = {
			isa = PBXGroup;
			children = (
				1B0421B715987E8C001678DB /* ofxQCAR.h */,
				1B0421B815987E8C001678DB /* ofxQCAR.mm */,
				1B0421B915987E8C001678DB /* ofxQCAR_EAGLView.h */,
				1B0421BA15987E8C001678DB /* ofxQCAR_EAGLView.mm */,
				1B0421BB15987E8C001678DB /* ofxQCAR_Settings.h */,
				1B0421BC15987E8C001678DB /* ofxQCAR_Utils.h */,
				1B0421BD15987E8C001678DB /* ofxQCAR_Utils.mm */,
				1B0421BE15987E8C001678DB /* ofxQCAR_ViewController.h */,
				1B0421BF15987E8C001678DB /* ofxQCAR_ViewController.mm */,
			);
			path = src;
			sourceTree = "<group>";
		};
		1B0421C515987ECD001678DB /* UI */ = {
			isa = PBXGroup;
			children = (
				1B0421C615987ECD001678DB /* MyAppDelegate.h */,
				1B0421C715987ECD001678DB /* MyAppDelegate.mm */,
				1B0421C815987ECD001678DB /* MyAppViewController.h */,
				1B0421C915987ECD001678DB /* MyAppViewController.mm */,
			);
			path = UI;
			sourceTree = "<group>";
		};
		1B259E47159861ED0051D60B /* ofxAssimpModelLoader */ = {
			isa = PBXGroup;
			children = (
				1B259E48159861ED0051D60B /* install.xml */,
				1B259E49159861ED0051D60B /* libs */,
				1B259E76159861ED0051D60B /* src */,
			);
			name = ofxAssimpModelLoader;
			path = ../../../addons/ofxAssimpModelLoader;
			sourceTree = "<group>";
		};
		1B259E49159861ED0051D60B /* libs */ = {
			isa = PBXGroup;
			children = (
				1B259E4A159861ED0051D60B /* assimp */,
			);
			path = libs;
			sourceTree = "<group>";
		};
		1B259E4A159861ED0051D60B /* assimp */ = {
			isa = PBXGroup;
			children = (
				1B259E4B159861ED0051D60B /* include */,
				1B259E71159861ED0051D60B /* lib */,
			);
			path = assimp;
			sourceTree = "<group>";
		};
		1B259E4B159861ED0051D60B /* include */ = {
			isa = PBXGroup;
			children = (
				1B259E4C159861ED0051D60B /* aiAnim.h */,
				1B259E4D159861ED0051D60B /* aiAssert.h */,
				1B259E4E159861ED0051D60B /* aiCamera.h */,
				1B259E4F159861ED0051D60B /* aiColor4D.h */,
				1B259E50159861ED0051D60B /* aiColor4D.inl */,
				1B259E51159861ED0051D60B /* aiConfig.h */,
				1B259E52159861ED0051D60B /* aiDefines.h */,
				1B259E53159861ED0051D60B /* aiFileIO.h */,
				1B259E54159861ED0051D60B /* aiLight.h */,
				1B259E55159861ED0051D60B /* aiMaterial.h */,
				1B259E56159861ED0051D60B /* aiMaterial.inl */,
				1B259E57159861ED0051D60B /* aiMatrix3x3.h */,
				1B259E58159861ED0051D60B /* aiMatrix3x3.inl */,
				1B259E59159861ED0051D60B /* aiMatrix4x4.h */,
				1B259E5A159861ED0051D60B /* aiMatrix4x4.inl */,
				1B259E5B159861ED0051D60B /* aiMesh.h */,
				1B259E5C159861ED0051D60B /* aiPostProcess.h */,
				1B259E5D159861ED0051D60B /* aiQuaternion.h */,
				1B259E5E159861ED0051D60B /* aiScene.h */,
				1B259E5F159861ED0051D60B /* aiTexture.h */,
				1B259E60159861ED0051D60B /* aiTypes.h */,
				1B259E61159861ED0051D60B /* aiVector2D.h */,
				1B259E62159861ED0051D60B /* aiVector3D.h */,
				1B259E63159861ED0051D60B /* aiVector3D.inl */,
				1B259E64159861ED0051D60B /* aiVersion.h */,
				1B259E65159861ED0051D60B /* assimp.h */,
				1B259E66159861ED0051D60B /* assimp.hpp */,
				1B259E67159861ED0051D60B /* Compiler */,
				1B259E6A159861ED0051D60B /* DefaultLogger.h */,
				1B259E6B159861ED0051D60B /* IOStream.h */,
				1B259E6C159861ED0051D60B /* IOSystem.h */,
				1B259E6D159861ED0051D60B /* Logger.h */,
				1B259E6E159861ED0051D60B /* LogStream.h */,
				1B259E6F159861ED0051D60B /* NullLogger.h */,
				1B259E70159861ED0051D60B /* ProgressHandler.h */,
			);
			path = include;
			sourceTree = "<group>";
		};
		1B259E67159861ED0051D60B /* Compiler */ = {
			isa = PBXGroup;
			children = (
				1B259E68159861ED0051D60B /* poppack1.h */,
				1B259E69159861ED0051D60B /* pushpack1.h */,
			);
			path = Compiler;
			sourceTree = "<group>";
		};
		1B259E71159861ED0051D60B /* lib */ = {
			isa = PBXGroup;
			children = (
				1B259E72159861ED0051D60B /* ios */,
				1B259E74159861ED0051D60B /* osx */,
			);
			path = lib;
			sourceTree = "<group>";
		};
		1B259E72159861ED0051D60B /* ios */ = {
			isa = PBXGroup;
			children = (
				1B259E73159861ED0051D60B /* assimp.a */,
			);
			path = ios;
			sourceTree = "<group>";
		};
		1B259E74159861ED0051D60B /* osx */ = {
			isa = PBXGroup;
			children = (
				1B259E75159861ED0051D60B /* assimp.a */,
			);
			path = osx;
			sourceTree = "<group>";
		};
		1B259E76159861ED0051D60B /* src */ = {
			isa = PBXGroup;
			children = (
				1B259E77159861ED0051D60B /* ofx3DBaseLoader.h */,
				1B259E78159861ED0051D60B /* ofxAssimpMeshHelper.h */,
				1B259E79159861ED0051D60B /* ofxAssimpModelLoader.cpp */,
				1B259E7A159861ED0051D60B /* ofxAssimpModelLoader.h */,
			);
			path = src;
			sourceTree = "<group>";
		};
		29B97314FDCFA39411CA2CEA /* CustomTemplate */ = {
			isa = PBXGroup;
			children = (
				E4D8936A11527B74007E1F53 /* src */,
				BB24DD8B10DA77E000E9C588 /* data */,
				BB24E1F710DAA51900E9C588 /* openFrameworks */,
				BB16F26B0F2B646B00518274 /* addons */,
				BB16E9930F2B1E5900518274 /* libs */,
				19C28FACFE9D520D11CA2CBB /* Products */,
			);
			name = CustomTemplate;
			sourceTree = "<group>";
		};
		29B97323FDCFA39411CA2CEA /* core frameworks */ = {
			isa = PBXGroup;
			children = (
				E41D400613B39D2100A75A5D /* AVFoundation.framework */,
				E41D400713B39D2100A75A5D /* CoreMedia.framework */,
				E41D400813B39D2100A75A5D /* CoreVideo.framework */,
				E41D400913B39D2100A75A5D /* MapKit.framework */,
				53F323EA10A20EDB00E0DAE4 /* OpenAL.framework */,
				E4A823A312561BE3002F86A2 /* CoreGraphics.framework */,
				BBE5EAB70F49AD8400F28951 /* AudioToolbox.framework */,
				BB16EBD80F2B2AB500518274 /* QuartzCore.framework */,
				BB16EBD10F2B2A9500518274 /* OpenGLES.framework */,
				1DF5F4DF0D08C38300B7A737 /* UIKit.framework */,
				1D30AB110D05D00D00671497 /* Foundation.framework */,
				288765FC0DF74451002DB57D /* CoreGraphics.framework */,
				5326AEA710A23A0500278DE6 /* CoreLocation.framework */,
				15EC4D64158327EE00A77FC0 /* SystemConfiguration.framework */,
				15EC4D62158327E200A77FC0 /* Security.framework */,
			);
			name = "core frameworks";
			sourceTree = "<group>";
		};
		51BED36E1598A12600B0862A /* ofxBvh */ = {
			isa = PBXGroup;
			children = (
				51BED3941598A12600B0862A /* src */,
			);
			name = ofxBvh;
			path = ../../../addons/ofxBvh;
			sourceTree = "<group>";
		};
		51BED3941598A12600B0862A /* src */ = {
			isa = PBXGroup;
			children = (
				51BED3951598A12600B0862A /* ofxBvh.cpp */,
				51BED3961598A12600B0862A /* ofxBvh.h */,
			);
			path = src;
			sourceTree = "<group>";
		};
		BB16E9930F2B1E5900518274 /* libs */ = {
			isa = PBXGroup;
			children = (
				BBE5E94E0F497BD800F28951 /* core */,
			);
			name = libs;
			sourceTree = "<group>";
		};
		BB16F26B0F2B646B00518274 /* addons */ = {
			isa = PBXGroup;
			children = (
				51BED36E1598A12600B0862A /* ofxBvh */,
				1B04212715987582001678DB /* ofxQCAR */,
				1B259E47159861ED0051D60B /* ofxAssimpModelLoader */,
				15EC4D681583285E00A77FC0 /* README.md */,
			);
			name = addons;
			sourceTree = "<group>";
		};
		BB24DD8B10DA77E000E9C588 /* data */ = {
			isa = PBXGroup;
			children = (
				1B872BF91598687900D28F11 /* Perfume_globalsite_sound.wav */,
				1B259E38159861680051D60B /* aachan.bvh */,
				1B259E39159861680051D60B /* kashiyuka.bvh */,
				1B259E3A159861680051D60B /* nocchi.bvh */,
				156DD6A21583295200F5E857 /* qcar_assets */,
				BB24DD8C10DA77E000E9C588 /* Default.png */,
				BB24DD8D10DA77E000E9C588 /* Icon.png */,
			);
			name = data;
			path = bin/data;
			sourceTree = "<group>";
		};
		BB24E1F710DAA51900E9C588 /* openFrameworks */ = {
			isa = PBXGroup;
			children = (
				E41D40FD13B3A0D800A75A5D /* iOS+OFLib.xcodeproj */,
				32CA4F630368D1EE00C91783 /* iPhone_Prefix.pch */,
				BB24DDC910DA781C00E9C588 /* ofxiphone-Info.plist */,
				E41D3EE513B3906D00A75A5D /* CoreOF.xcconfig */,
				E41D3ED613B38FB500A75A5D /* Project.xcconfig */,
			);
			name = openFrameworks;
			sourceTree = "<group>";
		};
		BBE5E94E0F497BD800F28951 /* core */ = {
			isa = PBXGroup;
			children = (
				29B97323FDCFA39411CA2CEA /* core frameworks */,
			);
			name = core;
			sourceTree = "<group>";
		};
		E41D40FE13B3A0D800A75A5D /* Products */ = {
			isa = PBXGroup;
			children = (
				E41D410213B3A0D800A75A5D /* libofxiPhone_iphoneos_Debug.a */,
			);
			name = Products;
			sourceTree = "<group>";
		};
		E4D8936A11527B74007E1F53 /* src */ = {
			isa = PBXGroup;
			children = (
				1B0421C515987ECD001678DB /* UI */,
				E4D8936B11527B74007E1F53 /* main.mm */,
				E4D8936C11527B74007E1F53 /* testApp.h */,
				E4D8936D11527B74007E1F53 /* testApp.mm */,
			);
			path = src;
			sourceTree = SOURCE_ROOT;
		};
/* End PBXGroup section */

/* Begin PBXNativeTarget section */
		1D6058900D05DD3D006BFB54 /* ofxQCARBvhExample */ = {
			isa = PBXNativeTarget;
			buildConfigurationList = 1D6058960D05DD3E006BFB54 /* Build configuration list for PBXNativeTarget "ofxQCARBvhExample" */;
			buildPhases = (
				1D60588D0D05DD3D006BFB54 /* Resources */,
				1D60588E0D05DD3D006BFB54 /* Sources */,
				1D60588F0D05DD3D006BFB54 /* Frameworks */,
				9255DD331112741900D6945E /* ShellScript */,
			);
			buildRules = (
			);
			dependencies = (
				E41D410413B3A11300A75A5D /* PBXTargetDependency */,
			);
			name = ofxQCARBvhExample;
			productName = iPhone;
			productReference = 1D6058910D05DD3D006BFB54 /* ofxQCARBvhExample.app */;
			productType = "com.apple.product-type.application";
		};
/* End PBXNativeTarget section */

/* Begin PBXProject section */
		29B97313FDCFA39411CA2CEA /* Project object */ = {
			isa = PBXProject;
			buildConfigurationList = C01FCF4E08A954540054247B /* Build configuration list for PBXProject "ofxQCARBvhExample" */;
			compatibilityVersion = "Xcode 3.1";
			developmentRegion = English;
			hasScannedForEncodings = 1;
			knownRegions = (
				English,
				Japanese,
				French,
				German,
			);
			mainGroup = 29B97314FDCFA39411CA2CEA /* CustomTemplate */;
			projectDirPath = "";
			projectReferences = (
				{
					ProductGroup = E41D40FE13B3A0D800A75A5D /* Products */;
					ProjectRef = E41D40FD13B3A0D800A75A5D /* iOS+OFLib.xcodeproj */;
				},
			);
			projectRoot = "";
			targets = (
				1D6058900D05DD3D006BFB54 /* ofxQCARBvhExample */,
			);
		};
/* End PBXProject section */

/* Begin PBXReferenceProxy section */
		E41D410213B3A0D800A75A5D /* libofxiPhone_iphoneos_Debug.a */ = {
			isa = PBXReferenceProxy;
			fileType = archive.ar;
			path = libofxiPhone_iphoneos_Debug.a;
			remoteRef = E41D410113B3A0D800A75A5D /* PBXContainerItemProxy */;
			sourceTree = BUILT_PRODUCTS_DIR;
		};
/* End PBXReferenceProxy section */

/* Begin PBXResourcesBuildPhase section */
		1D60588D0D05DD3D006BFB54 /* Resources */ = {
			isa = PBXResourcesBuildPhase;
			buildActionMask = 2147483647;
			files = (
				BB24DD8F10DA77E000E9C588 /* Default.png in Resources */,
				BB24DD9010DA77E000E9C588 /* Icon.png in Resources */,
				BB24DDCA10DA781C00E9C588 /* ofxiphone-Info.plist in Resources */,
				E41D3ED713B38FB500A75A5D /* Project.xcconfig in Resources */,
				E41D3EE613B3906D00A75A5D /* CoreOF.xcconfig in Resources */,
				15EC4D691583285E00A77FC0 /* README.md in Resources */,
				156DD6A61583295200F5E857 /* config.xml in Resources */,
				156DD6A71583295200F5E857 /* qcar-resources.dat in Resources */,
				156DD6A81583295200F5E857 /* TextureTeapotBrass.png in Resources */,
				1B259E3B159861680051D60B /* aachan.bvh in Resources */,
				1B259E3C159861680051D60B /* kashiyuka.bvh in Resources */,
				1B259E3D159861680051D60B /* nocchi.bvh in Resources */,
				1B259E7B159861ED0051D60B /* install.xml in Resources */,
				1B259E7C159861ED0051D60B /* aiColor4D.inl in Resources */,
				1B259E7D159861ED0051D60B /* aiMaterial.inl in Resources */,
				1B259E7E159861ED0051D60B /* aiMatrix3x3.inl in Resources */,
				1B259E7F159861ED0051D60B /* aiMatrix4x4.inl in Resources */,
				1B259E80159861ED0051D60B /* aiVector3D.inl in Resources */,
				1B872BFA1598687900D28F11 /* Perfume_globalsite_sound.wav in Resources */,
			);
			runOnlyForDeploymentPostprocessing = 0;
		};
/* End PBXResourcesBuildPhase section */

/* Begin PBXShellScriptBuildPhase section */
		9255DD331112741900D6945E /* ShellScript */ = {
			isa = PBXShellScriptBuildPhase;
			buildActionMask = 2147483647;
			files = (
			);
			inputPaths = (
			);
			outputPaths = (
			);
			runOnlyForDeploymentPostprocessing = 0;
			shellPath = /bin/sh;
			shellScript = "cp -rf bin/data/ \"$TARGET_BUILD_DIR/$PRODUCT_NAME.app\"\n";
		};
/* End PBXShellScriptBuildPhase section */

/* Begin PBXSourcesBuildPhase section */
		1D60588E0D05DD3D006BFB54 /* Sources */ = {
			isa = PBXSourcesBuildPhase;
			buildActionMask = 2147483647;
			files = (
				E4D8936E11527B74007E1F53 /* main.mm in Sources */,
				E4D8936F11527B74007E1F53 /* testApp.mm in Sources */,
				1B259E83159861ED0051D60B /* ofxAssimpModelLoader.cpp in Sources */,
				1B0421C115987E8C001678DB /* ofxQCAR.mm in Sources */,
				1B0421C215987E8C001678DB /* ofxQCAR_EAGLView.mm in Sources */,
				1B0421C315987E8C001678DB /* ofxQCAR_Utils.mm in Sources */,
				1B0421C415987E8C001678DB /* ofxQCAR_ViewController.mm in Sources */,
				1B0421CA15987ECD001678DB /* MyAppDelegate.mm in Sources */,
				1B0421CB15987ECD001678DB /* MyAppViewController.mm in Sources */,
				51BED3B51598A12600B0862A /* ofxBvh.cpp in Sources */,
			);
			runOnlyForDeploymentPostprocessing = 0;
		};
/* End PBXSourcesBuildPhase section */

/* Begin PBXTargetDependency section */
		E41D410413B3A11300A75A5D /* PBXTargetDependency */ = {
			isa = PBXTargetDependency;
			name = "iPhone+OF Static Library";
			targetProxy = E41D410313B3A11300A75A5D /* PBXContainerItemProxy */;
		};
/* End PBXTargetDependency section */

/* Begin XCBuildConfiguration section */
		1D6058940D05DD3E006BFB54 /* Debug */ = {
			isa = XCBuildConfiguration;
			buildSettings = {
				ALWAYS_SEARCH_USER_PATHS = NO;
				GCC_PRECOMPILE_PREFIX_HEADER = YES;
				GCC_PREFIX_HEADER = iPhone_Prefix.pch;
				HEADER_SEARCH_PATHS = (
					"$(OF_CORE_HEADERS)",
					../../../addons/ofxQCAR/libs/qcar/include,
				);
				INFOPLIST_FILE = "ofxiphone-Info.plist";
				IPHONEOS_DEPLOYMENT_TARGET = 4.2;
				LIBRARY_SEARCH_PATHS = (
					"$(inherited)",
					../../../addons/ofxQCAR/libs/qcar/lib/arm,
					"\"$(SRCROOT)/../../../../of_0071_osx_release/addons/ofxAssimpModelLoader/libs/assimp/lib/osx\"",
					"\"$(SRCROOT)/../../../addons/ofxAssimpModelLoader/libs/assimp/lib/ios\"",
					"\"$(SRCROOT)/../../../addons/ofxAssimpModelLoader/libs/assimp/lib/osx\"",
					"\"$(SRCROOT)/../../../addons/ofxQCAR/libs/qcar/lib/arm\"",
				);
				PRODUCT_NAME = ofxQCARBvhExample;
				TARGETED_DEVICE_FAMILY = "1,2";
				USER_HEADER_SEARCH_PATHS = "$(OF_CORE_HEADERS) ../../../addons/ofxQCAR/libs/qcar/include";
			};
			name = Debug;
		};
		1D6058950D05DD3E006BFB54 /* Release */ = {
			isa = XCBuildConfiguration;
			buildSettings = {
				GCC_PRECOMPILE_PREFIX_HEADER = YES;
				GCC_PREFIX_HEADER = iPhone_Prefix.pch;
				HEADER_SEARCH_PATHS = (
					"$(OF_CORE_HEADERS)",
					../../../addons/ofxQCAR/libs/qcar/include,
				);
				INFOPLIST_FILE = "ofxiphone-Info.plist";
				IPHONEOS_DEPLOYMENT_TARGET = 4.2;
				LIBRARY_SEARCH_PATHS = (
					"$(inherited)",
					../../../addons/ofxQCAR/libs/qcar/lib/arm,
					"\"$(SRCROOT)/../../../../of_0071_osx_release/addons/ofxAssimpModelLoader/libs/assimp/lib/osx\"",
					"\"$(SRCROOT)/../../../addons/ofxAssimpModelLoader/libs/assimp/lib/ios\"",
					"\"$(SRCROOT)/../../../addons/ofxAssimpModelLoader/libs/assimp/lib/osx\"",
					"\"$(SRCROOT)/../../../addons/ofxQCAR/libs/qcar/lib/arm\"",
				);
				PRODUCT_NAME = ofxQCARBvhExample;
				TARGETED_DEVICE_FAMILY = "1,2";
				USER_HEADER_SEARCH_PATHS = "$(OF_CORE_HEADERS) ../../../addons/ofxQCAR/libs/qcar/include";
			};
			name = Release;
		};
		C01FCF4F08A954540054247B /* Debug */ = {
			isa = XCBuildConfiguration;
			baseConfigurationReference = E41D3ED613B38FB500A75A5D /* Project.xcconfig */;
			buildSettings = {
				ALWAYS_SEARCH_USER_PATHS = YES;
				ARCHS = "$(ARCHS_STANDARD_32_BIT)";
				CODE_SIGN_IDENTITY = "";
				"CODE_SIGN_IDENTITY[sdk=iphoneos*]" = "iPhone Developer";
				COMPRESS_PNG_FILES = NO;
				GCC_C_LANGUAGE_STANDARD = c99;
				GCC_OPTIMIZATION_LEVEL = 0;
				GCC_SYMBOLS_PRIVATE_EXTERN = NO;
				GCC_WARN_ABOUT_DEPRECATED_FUNCTIONS = NO;
				GCC_WARN_ABOUT_INVALID_OFFSETOF_MACRO = NO;
				GCC_WARN_ABOUT_POINTER_SIGNEDNESS = NO;
				GCC_WARN_ABOUT_RETURN_TYPE = YES;
				GCC_WARN_ALLOW_INCOMPLETE_PROTOCOL = NO;
				GCC_WARN_PROTOTYPE_CONVERSION = NO;
				GCC_WARN_UNUSED_VARIABLE = YES;
				HEADER_SEARCH_PATHS = "$(OF_CORE_HEADERS)";
				IPHONEOS_DEPLOYMENT_TARGET = 3.1;
				ONLY_ACTIVE_ARCH = NO;
				PREBINDING = NO;
				"PROVISIONING_PROFILE[sdk=iphoneos*]" = "";
				SDKROOT = iphoneos;
				TARGETED_DEVICE_FAMILY = 1;
				WARNING_LDFLAGS = "-no_arch_warnings";
			};
			name = Debug;
		};
		C01FCF5008A954540054247B /* Release */ = {
			isa = XCBuildConfiguration;
			baseConfigurationReference = E41D3ED613B38FB500A75A5D /* Project.xcconfig */;
			buildSettings = {
				ALWAYS_SEARCH_USER_PATHS = YES;
				ARCHS = "$(ARCHS_STANDARD_32_BIT)";
				CODE_SIGN_IDENTITY = "";
				"CODE_SIGN_IDENTITY[sdk=iphoneos*]" = "iPhone Developer";
				COMPRESS_PNG_FILES = NO;
				GCC_C_LANGUAGE_STANDARD = c99;
				GCC_DYNAMIC_NO_PIC = YES;
				GCC_GENERATE_DEBUGGING_SYMBOLS = NO;
				GCC_OPTIMIZATION_LEVEL = 3;
				GCC_SYMBOLS_PRIVATE_EXTERN = NO;
				GCC_THUMB_SUPPORT = NO;
				GCC_WARN_ABOUT_RETURN_TYPE = YES;
				GCC_WARN_UNUSED_VARIABLE = YES;
				HEADER_SEARCH_PATHS = "$(OF_CORE_HEADERS)";
				IPHONEOS_DEPLOYMENT_TARGET = 3.1;
				ONLY_ACTIVE_ARCH = NO;
				PREBINDING = NO;
				SDKROOT = iphoneos;
				TARGETED_DEVICE_FAMILY = 1;
				WARNING_LDFLAGS = "-no_arch_warnings";
			};
			name = Release;
		};
/* End XCBuildConfiguration section */

/* Begin XCConfigurationList section */
		1D6058960D05DD3E006BFB54 /* Build configuration list for PBXNativeTarget "ofxQCARBvhExample" */ = {
			isa = XCConfigurationList;
			buildConfigurations = (
				1D6058940D05DD3E006BFB54 /* Debug */,
				1D6058950D05DD3E006BFB54 /* Release */,
			);
			defaultConfigurationIsVisible = 0;
			defaultConfigurationName = Release;
		};
		C01FCF4E08A954540054247B /* Build configuration list for PBXProject "ofxQCARBvhExample" */ = {
			isa = XCConfigurationList;
			buildConfigurations = (
				C01FCF4F08A954540054247B /* Debug */,
				C01FCF5008A954540054247B /* Release */,
			);
			defaultConfigurationIsVisible = 0;
			defaultConfigurationName = Release;
		};
/* End XCConfigurationList section */
	};
	rootObject = 29B97313FDCFA39411CA2CEA /* Project object */;
}
